
Microsoft Visual Studio Solution File, Format Version 12.00
# Visual Studio Version 17
VisualStudioVersion = 17.0.31903.59
MinimumVisualStudioVersion = 10.0.40219.1
Project("{2150E333-8FDC-42A3-9474-1A3956D46DE8}") = "src", "src", "{C7DA67F8-B7A1-48EE-BFAC-01040283C91E}"
EndProject
Project("{FAE04EC0-301F-11D3-BF4B-00C04F79EFBC}") = "Order.Api", "src\Order.Api\Order.Api.csproj", "{8CDBFB95-0A53-4CAB-A375-AA1C5992CBFB}"
EndProject
Project("{FAE04EC0-301F-11D3-BF4B-00C04F79EFBC}") = "Order.Core", "src\Order.Core\Order.Core.csproj", "{E6D29DB3-9445-4875-99DD-FFCC0AE35D11}"
EndProject
Project("{FAE04EC0-301F-11D3-BF4B-00C04F79EFBC}") = "Order.Infrastructure", "src\Order.Infrastructure\Order.Infrastructure.csproj", "{3DA1FFDC-E121-40E5-845D-4326EF61E0F5}"
EndProject
Project("{FAE04EC0-301F-11D3-BF4B-00C04F79EFBC}") = "Order.Worker", "src\Order.Worker\Order.Worker.csproj", "{BB554E3B-4295-47E5-8DF6-87B5ACECD1C0}"
EndProject
Project("{2150E333-8FDC-42A3-9474-1A3956D46DE8}") = "tests", "tests", "{9C80A5E1-862A-4B1F-9CC1-D88BEB89BEE8}"
EndProject
Project("{FAE04EC0-301F-11D3-BF4B-00C04F79EFBC}") = "Order.Core.Tests", "tests\Order.Core.Tests\Order.Core.Tests.csproj", "{9E307B19-BDC6-4691-A713-7EE72D0E3719}"
EndProject
Global
	GlobalSection(SolutionConfigurationPlatforms) = preSolution
		Debug|Any CPU = Debug|Any CPU
		Release|Any CPU = Release|Any CPU
	EndGlobalSection
	GlobalSection(SolutionProperties) = preSolution
		HideSolutionNode = FALSE
	EndGlobalSection
	GlobalSection(ProjectConfigurationPlatforms) = postSolution
		{8CDBFB95-0A53-4CAB-A375-AA1C5992CBFB}.Debug|Any CPU.ActiveCfg = Debug|Any CPU
		{8CDBFB95-0A53-4CAB-A375-AA1C5992CBFB}.Debug|Any CPU.Build.0 = Debug|Any CPU
		{8CDBFB95-0A53-4CAB-A375-AA1C5992CBFB}.Release|Any CPU.ActiveCfg = Release|Any CPU
		{8CDBFB95-0A53-4CAB-A375-AA1C5992CBFB}.Release|Any CPU.Build.0 = Release|Any CPU
		{E6D29DB3-9445-4875-99DD-FFCC0AE35D11}.Debug|Any CPU.ActiveCfg = Debug|Any CPU
		{E6D29DB3-9445-4875-99DD-FFCC0AE35D11}.Debug|Any CPU.Build.0 = Debug|Any CPU
		{E6D29DB3-9445-4875-99DD-FFCC0AE35D11}.Release|Any CPU.ActiveCfg = Release|Any CPU
		{E6D29DB3-9445-4875-99DD-FFCC0AE35D11}.Release|Any CPU.Build.0 = Release|Any CPU
		{3DA1FFDC-E121-40E5-845D-4326EF61E0F5}.Debug|Any CPU.ActiveCfg = Debug|Any CPU
		{3DA1FFDC-E121-40E5-845D-4326EF61E0F5}.Debug|Any CPU.Build.0 = Debug|Any CPU
		{3DA1FFDC-E121-40E5-845D-4326EF61E0F5}.Release|Any CPU.ActiveCfg = Release|Any CPU
		{3DA1FFDC-E121-40E5-845D-4326EF61E0F5}.Release|Any CPU.Build.0 = Release|Any CPU
		{BB554E3B-4295-47E5-8DF6-87B5ACECD1C0}.Debug|Any CPU.ActiveCfg = Debug|Any CPU
		{BB554E3B-4295-47E5-8DF6-87B5ACECD1C0}.Debug|Any CPU.Build.0 = Debug|Any CPU
		{BB554E3B-4295-47E5-8DF6-87B5ACECD1C0}.Release|Any CPU.ActiveCfg = Release|Any CPU
		{BB554E3B-4295-47E5-8DF6-87B5ACECD1C0}.Release|Any CPU.Build.0 = Release|Any CPU
		{9E307B19-BDC6-4691-A713-7EE72D0E3719}.Debug|Any CPU.ActiveCfg = Debug|Any CPU
		{9E307B19-BDC6-4691-A713-7EE72D0E3719}.Debug|Any CPU.Build.0 = Debug|Any CPU
		{9E307B19-BDC6-4691-A713-7EE72D0E3719}.Release|Any CPU.ActiveCfg = Release|Any CPU
		{9E307B19-BDC6-4691-A713-7EE72D0E3719}.Release|Any CPU.Build.0 = Release|Any CPU
	EndGlobalSection
	GlobalSection(NestedProjects) = preSolution
		{8CDBFB95-0A53-4CAB-A375-AA1C5992CBFB} = {C7DA67F8-B7A1-48EE-BFAC-01040283C91E}
		{E6D29DB3-9445-4875-99DD-FFCC0AE35D11} = {C7DA67F8-B7A1-48EE-BFAC-01040283C91E}
		{3DA1FFDC-E121-40E5-845D-4326EF61E0F5} = {C7DA67F8-B7A1-48EE-BFAC-01040283C91E}
		{BB554E3B-4295-47E5-8DF6-87B5ACECD1C0} = {C7DA67F8-B7A1-48EE-BFAC-01040283C91E}
		{9E307B19-BDC6-4691-A713-7EE72D0E3719} = {9C80A5E1-862A-4B1F-9CC1-D88BEB89BEE8}
	EndGlobalSection
EndGlobal
